
Microsoft Visual Studio Solution File, Format Version 12.00
Project("{2150E333-8FDC-42A3-9474-1A3956D46DE8}") = "src", "src", "{4F444960-BE9A-4F54-9926-490B7955F762}"
EndProject
Project("{FAE04EC0-301F-11D3-BF4B-00C04F79EFBC}") = "Telepresence.NET", "src\Telepresence.NET\Telepresence.NET.csproj", "{75A88C95-FF0A-4B18-A102-A606B8E10645}"
EndProject
Project("{2150E333-8FDC-42A3-9474-1A3956D46DE8}") = "tests", "tests", "{BD1FD52F-3745-400B-AF61-8ACE11B0CC5A}"
EndProject
Project("{FAE04EC0-301F-11D3-BF4B-00C04F79EFBC}") = "Telepresence.NET.UnitTests", "tests\Telepresence.NET.UnitTests\Telepresence.NET.UnitTests.csproj", "{B89F076F-C69D-4966-B6EB-68638A06B725}"
EndProject
Project("{2150E333-8FDC-42A3-9474-1A3956D46DE8}") = "docs", "docs", "{C1FD68D5-5CF8-4239-B84B-D8853E4304A5}"
EndProject
Project("{2150E333-8FDC-42A3-9474-1A3956D46DE8}") = "samples", "samples", "{419A08AA-625F-4EAE-9767-2A931E2FA268}"
EndProject
Project("{2150E333-8FDC-42A3-9474-1A3956D46DE8}") = "aspnet", "aspnet", "{A3D114D9-0221-4DB2-8893-CC171912EB43}"
EndProject
Project("{FAE04EC0-301F-11D3-BF4B-00C04F79EFBC}") = "Samples.Web", "samples\aspnet\Samples.Web\Samples.Web.csproj", "{F348CA42-5532-40F0-8792-DC0E46E90AC2}"
EndProject
Project("{2150E333-8FDC-42A3-9474-1A3956D46DE8}") = "net", "net", "{05416EC3-12F0-4772-A707-ABF8157364C5}"
EndProject
Project("{FAE04EC0-301F-11D3-BF4B-00C04F79EFBC}") = "Samples.Console", "samples\net\Samples.Console\Samples.Console.csproj", "{3056A04F-3BDB-4C48-9E2E-57FA9F3B739D}"
EndProject
Project("{2150E333-8FDC-42A3-9474-1A3956D46DE8}") = "messaging", "messaging", "{9E02FE8A-2944-479F-9EDE-663B5E1FD351}"
EndProject
Project("{FAE04EC0-301F-11D3-BF4B-00C04F79EFBC}") = "Samples.Contracts", "samples\messaging\Samples.Contracts\Samples.Contracts.csproj", "{92556607-2664-4D46-96DA-C191D2E547E4}"
EndProject
Project("{FAE04EC0-301F-11D3-BF4B-00C04F79EFBC}") = "Samples.Ordering", "samples\messaging\Samples.Ordering\Samples.Ordering.csproj", "{74518CB1-20D5-4CE3-8CF4-2841243AB454}"
EndProject
Project("{FAE04EC0-301F-11D3-BF4B-00C04F79EFBC}") = "Samples.UI", "samples\messaging\Samples.UI\Samples.UI.csproj", "{69331A81-AA68-4696-B903-39444B40F66F}"
EndProject
Global
	GlobalSection(SolutionConfigurationPlatforms) = preSolution
		Debug|Any CPU = Debug|Any CPU
		Release|Any CPU = Release|Any CPU
	EndGlobalSection
	GlobalSection(NestedProjects) = preSolution
		{75A88C95-FF0A-4B18-A102-A606B8E10645} = {4F444960-BE9A-4F54-9926-490B7955F762}
		{B89F076F-C69D-4966-B6EB-68638A06B725} = {BD1FD52F-3745-400B-AF61-8ACE11B0CC5A}
		{A3D114D9-0221-4DB2-8893-CC171912EB43} = {419A08AA-625F-4EAE-9767-2A931E2FA268}
		{F348CA42-5532-40F0-8792-DC0E46E90AC2} = {A3D114D9-0221-4DB2-8893-CC171912EB43}
		{05416EC3-12F0-4772-A707-ABF8157364C5} = {419A08AA-625F-4EAE-9767-2A931E2FA268}
		{3056A04F-3BDB-4C48-9E2E-57FA9F3B739D} = {05416EC3-12F0-4772-A707-ABF8157364C5}
		{9E02FE8A-2944-479F-9EDE-663B5E1FD351} = {419A08AA-625F-4EAE-9767-2A931E2FA268}
		{74518CB1-20D5-4CE3-8CF4-2841243AB454} = {9E02FE8A-2944-479F-9EDE-663B5E1FD351}
		{69331A81-AA68-4696-B903-39444B40F66F} = {9E02FE8A-2944-479F-9EDE-663B5E1FD351}
		{92556607-2664-4D46-96DA-C191D2E547E4} = {9E02FE8A-2944-479F-9EDE-663B5E1FD351}
	EndGlobalSection
	GlobalSection(ProjectConfigurationPlatforms) = postSolution
		{75A88C95-FF0A-4B18-A102-A606B8E10645}.Debug|Any CPU.ActiveCfg = Debug|Any CPU
		{75A88C95-FF0A-4B18-A102-A606B8E10645}.Debug|Any CPU.Build.0 = Debug|Any CPU
		{75A88C95-FF0A-4B18-A102-A606B8E10645}.Release|Any CPU.ActiveCfg = Release|Any CPU
		{75A88C95-FF0A-4B18-A102-A606B8E10645}.Release|Any CPU.Build.0 = Release|Any CPU
		{B89F076F-C69D-4966-B6EB-68638A06B725}.Debug|Any CPU.ActiveCfg = Debug|Any CPU
		{B89F076F-C69D-4966-B6EB-68638A06B725}.Debug|Any CPU.Build.0 = Debug|Any CPU
		{B89F076F-C69D-4966-B6EB-68638A06B725}.Release|Any CPU.ActiveCfg = Release|Any CPU
		{B89F076F-C69D-4966-B6EB-68638A06B725}.Release|Any CPU.Build.0 = Release|Any CPU
		{3056A04F-3BDB-4C48-9E2E-57FA9F3B739D}.Debug|Any CPU.ActiveCfg = Debug|Any CPU
		{3056A04F-3BDB-4C48-9E2E-57FA9F3B739D}.Debug|Any CPU.Build.0 = Debug|Any CPU
		{3056A04F-3BDB-4C48-9E2E-57FA9F3B739D}.Release|Any CPU.ActiveCfg = Release|Any CPU
		{3056A04F-3BDB-4C48-9E2E-57FA9F3B739D}.Release|Any CPU.Build.0 = Release|Any CPU
		{F348CA42-5532-40F0-8792-DC0E46E90AC2}.Debug|Any CPU.ActiveCfg = Debug|Any CPU
		{F348CA42-5532-40F0-8792-DC0E46E90AC2}.Debug|Any CPU.Build.0 = Debug|Any CPU
		{F348CA42-5532-40F0-8792-DC0E46E90AC2}.Release|Any CPU.ActiveCfg = Release|Any CPU
		{F348CA42-5532-40F0-8792-DC0E46E90AC2}.Release|Any CPU.Build.0 = Release|Any CPU
		{74518CB1-20D5-4CE3-8CF4-2841243AB454}.Debug|Any CPU.ActiveCfg = Debug|Any CPU
		{74518CB1-20D5-4CE3-8CF4-2841243AB454}.Debug|Any CPU.Build.0 = Debug|Any CPU
		{74518CB1-20D5-4CE3-8CF4-2841243AB454}.Release|Any CPU.ActiveCfg = Release|Any CPU
		{74518CB1-20D5-4CE3-8CF4-2841243AB454}.Release|Any CPU.Build.0 = Release|Any CPU
		{69331A81-AA68-4696-B903-39444B40F66F}.Debug|Any CPU.ActiveCfg = Debug|Any CPU
		{69331A81-AA68-4696-B903-39444B40F66F}.Debug|Any CPU.Build.0 = Debug|Any CPU
		{69331A81-AA68-4696-B903-39444B40F66F}.Release|Any CPU.ActiveCfg = Release|Any CPU
		{69331A81-AA68-4696-B903-39444B40F66F}.Release|Any CPU.Build.0 = Release|Any CPU
		{92556607-2664-4D46-96DA-C191D2E547E4}.Debug|Any CPU.ActiveCfg = Debug|Any CPU
		{92556607-2664-4D46-96DA-C191D2E547E4}.Debug|Any CPU.Build.0 = Debug|Any CPU
		{92556607-2664-4D46-96DA-C191D2E547E4}.Release|Any CPU.ActiveCfg = Release|Any CPU
		{92556607-2664-4D46-96DA-C191D2E547E4}.Release|Any CPU.Build.0 = Release|Any CPU
	EndGlobalSection
EndGlobal
